
Microsoft Visual Studio Solution File, Format Version 12.00
# Visual Studio Version 17
VisualStudioVersion = 17.4.33122.133
MinimumVisualStudioVersion = 10.0.40219.1
Project("{FAE04EC0-301F-11D3-BF4B-00C04F79EFBC}") = "projeto-climatempo-piloto", "projeto-climatempo-piloto\projeto-climatempo-piloto.csproj", "{1E6DF4AE-D8E9-4E3A-95A4-06ECF0E115A5}"
EndProject
Global
	GlobalSection(SolutionConfigurationPlatforms) = preSolution
		Debug|Any CPU = Debug|Any CPU
		Release|Any CPU = Release|Any CPU
	EndGlobalSection
	GlobalSection(ProjectConfigurationPlatforms) = postSolution
		{1E6DF4AE-D8E9-4E3A-95A4-06ECF0E115A5}.Debug|Any CPU.ActiveCfg = Debug|Any CPU
		{1E6DF4AE-D8E9-4E3A-95A4-06ECF0E115A5}.Debug|Any CPU.Build.0 = Debug|Any CPU
		{1E6DF4AE-D8E9-4E3A-95A4-06ECF0E115A5}.Release|Any CPU.ActiveCfg = Release|Any CPU
		{1E6DF4AE-D8E9-4E3A-95A4-06ECF0E115A5}.Release|Any CPU.Build.0 = Release|Any CPU
	EndGlobalSection
	GlobalSection(SolutionProperties) = preSolution
		HideSolutionNode = FALSE
	EndGlobalSection
	GlobalSection(ExtensibilityGlobals) = postSolution
		SolutionGuid = {7A768032-8332-44A3-B780-49A2C61CFFCF}
	EndGlobalSection
EndGlobal
